// !$*UTF8*$!
{
	archiveVersion = 1;
	classes = {
	};
	objectVersion = 56;
	objects = {

/* Begin PBXBuildFile section */
		6E1DC1742AB9196D006C92D9 /* UnicaOne-Regular.ttf in Resources */ = {isa = PBXBuildFile; fileRef = 6E1DC1732AB9196D006C92D9 /* UnicaOne-Regular.ttf */; };
		6E41318D2AA8CF95002E4343 /* AppDelegate.swift in Sources */ = {isa = PBXBuildFile; fileRef = 6E41318C2AA8CF95002E4343 /* AppDelegate.swift */; };
		6E41318F2AA8CF95002E4343 /* SceneDelegate.swift in Sources */ = {isa = PBXBuildFile; fileRef = 6E41318E2AA8CF95002E4343 /* SceneDelegate.swift */; };
		6E4131912AA8CF95002E4343 /* homepageViewController.swift in Sources */ = {isa = PBXBuildFile; fileRef = 6E4131902AA8CF95002E4343 /* homepageViewController.swift */; };
		6E4131942AA8CF95002E4343 /* Main.storyboard in Resources */ = {isa = PBXBuildFile; fileRef = 6E4131922AA8CF95002E4343 /* Main.storyboard */; };
		6E4131962AA8CF96002E4343 /* Assets.xcassets in Resources */ = {isa = PBXBuildFile; fileRef = 6E4131952AA8CF96002E4343 /* Assets.xcassets */; };
		6E4131992AA8CF96002E4343 /* LaunchScreen.storyboard in Resources */ = {isa = PBXBuildFile; fileRef = 6E4131972AA8CF96002E4343 /* LaunchScreen.storyboard */; };
		6E561C692AA9C854003719F9 /* detailProtocols.swift in Sources */ = {isa = PBXBuildFile; fileRef = 6E561C682AA9C854003719F9 /* detailProtocols.swift */; };
		6E561C6B2AA9C865003719F9 /* detailRouter.swift in Sources */ = {isa = PBXBuildFile; fileRef = 6E561C6A2AA9C865003719F9 /* detailRouter.swift */; };
		6E561C6D2AA9C873003719F9 /* detailInteractor.swift in Sources */ = {isa = PBXBuildFile; fileRef = 6E561C6C2AA9C873003719F9 /* detailInteractor.swift */; };
		6E561C6F2AA9C87C003719F9 /* detailPresenter.swift in Sources */ = {isa = PBXBuildFile; fileRef = 6E561C6E2AA9C87C003719F9 /* detailPresenter.swift */; };
		6E561C712AA9C88B003719F9 /* detailViewController.swift in Sources */ = {isa = PBXBuildFile; fileRef = 6E561C702AA9C88B003719F9 /* detailViewController.swift */; };
		6E577EC32AA8D1AE0033BA06 /* homepageRouter.swift in Sources */ = {isa = PBXBuildFile; fileRef = 6E577EC22AA8D1AE0033BA06 /* homepageRouter.swift */; };
		6E577EC52AA8D1F10033BA06 /* homepageInteractor.swift in Sources */ = {isa = PBXBuildFile; fileRef = 6E577EC42AA8D1F10033BA06 /* homepageInteractor.swift */; };
		6E577EC72AA8D2120033BA06 /* homepagePresenter.swift in Sources */ = {isa = PBXBuildFile; fileRef = 6E577EC62AA8D2120033BA06 /* homepagePresenter.swift */; };
		6E577ECA2AA8D2560033BA06 /* Entity.swift in Sources */ = {isa = PBXBuildFile; fileRef = 6E577EC92AA8D2560033BA06 /* Entity.swift */; };
		6E577ED72AA8D2DC0033BA06 /* FMResultSet.m in Sources */ = {isa = PBXBuildFile; fileRef = 6E577ECD2AA8D2DB0033BA06 /* FMResultSet.m */; };
		6E577ED82AA8D2DC0033BA06 /* FMDatabasePool.m in Sources */ = {isa = PBXBuildFile; fileRef = 6E577ECE2AA8D2DB0033BA06 /* FMDatabasePool.m */; };
		6E577ED92AA8D2DC0033BA06 /* FMDatabaseQueue.m in Sources */ = {isa = PBXBuildFile; fileRef = 6E577ECF2AA8D2DB0033BA06 /* FMDatabaseQueue.m */; };
		6E577EDA2AA8D2DC0033BA06 /* FMDatabase.m in Sources */ = {isa = PBXBuildFile; fileRef = 6E577ED12AA8D2DB0033BA06 /* FMDatabase.m */; };
		6E577EDB2AA8D2DC0033BA06 /* FMDatabaseAdditions.m in Sources */ = {isa = PBXBuildFile; fileRef = 6E577ED62AA8D2DC0033BA06 /* FMDatabaseAdditions.m */; };
		6E577EDE2AA8D6120033BA06 /* homepageTableViewCell.swift in Sources */ = {isa = PBXBuildFile; fileRef = 6E577EDD2AA8D6120033BA06 /* homepageTableViewCell.swift */; };
		6E6942C52AADF517006035A2 /* wallet.sqlite in Resources */ = {isa = PBXBuildFile; fileRef = 6E6942C42AADF517006035A2 /* wallet.sqlite */; };
		6EA7C8732AA8D14600C2E729 /* homepageProtocols.swift in Sources */ = {isa = PBXBuildFile; fileRef = 6EA7C8722AA8D14600C2E729 /* homepageProtocols.swift */; };
		6ED674A92AB71C67002E3969 /* Webservice.swift in Sources */ = {isa = PBXBuildFile; fileRef = 6ED674A82AB71C67002E3969 /* Webservice.swift */; };
		6ED674B32AB71DCA002E3969 /* exchangeRateViewController.swift in Sources */ = {isa = PBXBuildFile; fileRef = 6ED674B22AB71DCA002E3969 /* exchangeRateViewController.swift */; };
		6ED674B52AB71DEF002E3969 /* exchangeRateTableViewCell.swift in Sources */ = {isa = PBXBuildFile; fileRef = 6ED674B42AB71DEF002E3969 /* exchangeRateTableViewCell.swift */; };
		6ED674B72AB732F9002E3969 /* exchangeRateProtocols.swift in Sources */ = {isa = PBXBuildFile; fileRef = 6ED674B62AB732F9002E3969 /* exchangeRateProtocols.swift */; };
		6ED674B92AB73301002E3969 /* exchangeRateRouter.swift in Sources */ = {isa = PBXBuildFile; fileRef = 6ED674B82AB73301002E3969 /* exchangeRateRouter.swift */; };
		6ED674BB2AB7330A002E3969 /* exchangeRateInteractor.swift in Sources */ = {isa = PBXBuildFile; fileRef = 6ED674BA2AB7330A002E3969 /* exchangeRateInteractor.swift */; };
		6ED674BD2AB73313002E3969 /* exchangeRatePresenter.swift in Sources */ = {isa = PBXBuildFile; fileRef = 6ED674BC2AB73313002E3969 /* exchangeRatePresenter.swift */; };
		6EE72A422AAA42EB002D2337 /* detailTableViewCell.swift in Sources */ = {isa = PBXBuildFile; fileRef = 6EE72A412AAA42EB002D2337 /* detailTableViewCell.swift */; };
/* End PBXBuildFile section */

/* Begin PBXFileReference section */
		6E1DC1732AB9196D006C92D9 /* UnicaOne-Regular.ttf */ = {isa = PBXFileReference; lastKnownFileType = file; path = "UnicaOne-Regular.ttf"; sourceTree = "<group>"; };
		6E4131892AA8CF95002E4343 /* moneyOrganizer.app */ = {isa = PBXFileReference; explicitFileType = wrapper.application; includeInIndex = 0; path = moneyOrganizer.app; sourceTree = BUILT_PRODUCTS_DIR; };
		6E41318C2AA8CF95002E4343 /* AppDelegate.swift */ = {isa = PBXFileReference; lastKnownFileType = sourcecode.swift; path = AppDelegate.swift; sourceTree = "<group>"; };
		6E41318E2AA8CF95002E4343 /* SceneDelegate.swift */ = {isa = PBXFileReference; lastKnownFileType = sourcecode.swift; path = SceneDelegate.swift; sourceTree = "<group>"; };
		6E4131902AA8CF95002E4343 /* homepageViewController.swift */ = {isa = PBXFileReference; lastKnownFileType = sourcecode.swift; path = homepageViewController.swift; sourceTree = "<group>"; };
		6E4131932AA8CF95002E4343 /* Base */ = {isa = PBXFileReference; lastKnownFileType = file.storyboard; name = Base; path = Base.lproj/Main.storyboard; sourceTree = "<group>"; };
		6E4131952AA8CF96002E4343 /* Assets.xcassets */ = {isa = PBXFileReference; lastKnownFileType = folder.assetcatalog; path = Assets.xcassets; sourceTree = "<group>"; };
		6E4131982AA8CF96002E4343 /* Base */ = {isa = PBXFileReference; lastKnownFileType = file.storyboard; name = Base; path = Base.lproj/LaunchScreen.storyboard; sourceTree = "<group>"; };
		6E41319A2AA8CF96002E4343 /* Info.plist */ = {isa = PBXFileReference; lastKnownFileType = text.plist.xml; path = Info.plist; sourceTree = "<group>"; };
		6E561C682AA9C854003719F9 /* detailProtocols.swift */ = {isa = PBXFileReference; lastKnownFileType = sourcecode.swift; path = detailProtocols.swift; sourceTree = "<group>"; };
		6E561C6A2AA9C865003719F9 /* detailRouter.swift */ = {isa = PBXFileReference; lastKnownFileType = sourcecode.swift; path = detailRouter.swift; sourceTree = "<group>"; };
		6E561C6C2AA9C873003719F9 /* detailInteractor.swift */ = {isa = PBXFileReference; lastKnownFileType = sourcecode.swift; path = detailInteractor.swift; sourceTree = "<group>"; };
		6E561C6E2AA9C87C003719F9 /* detailPresenter.swift */ = {isa = PBXFileReference; lastKnownFileType = sourcecode.swift; path = detailPresenter.swift; sourceTree = "<group>"; };
		6E561C702AA9C88B003719F9 /* detailViewController.swift */ = {isa = PBXFileReference; lastKnownFileType = sourcecode.swift; path = detailViewController.swift; sourceTree = "<group>"; };
		6E577EC22AA8D1AE0033BA06 /* homepageRouter.swift */ = {isa = PBXFileReference; lastKnownFileType = sourcecode.swift; path = homepageRouter.swift; sourceTree = "<group>"; };
		6E577EC42AA8D1F10033BA06 /* homepageInteractor.swift */ = {isa = PBXFileReference; lastKnownFileType = sourcecode.swift; path = homepageInteractor.swift; sourceTree = "<group>"; };
		6E577EC62AA8D2120033BA06 /* homepagePresenter.swift */ = {isa = PBXFileReference; lastKnownFileType = sourcecode.swift; path = homepagePresenter.swift; sourceTree = "<group>"; };
		6E577EC92AA8D2560033BA06 /* Entity.swift */ = {isa = PBXFileReference; lastKnownFileType = sourcecode.swift; path = Entity.swift; sourceTree = "<group>"; };
		6E577ECB2AA8D2DB0033BA06 /* moneyOrganizer-Bridging-Header.h */ = {isa = PBXFileReference; lastKnownFileType = sourcecode.c.h; path = "moneyOrganizer-Bridging-Header.h"; sourceTree = "<group>"; };
		6E577ECC2AA8D2DB0033BA06 /* FMDatabasePool.h */ = {isa = PBXFileReference; fileEncoding = 4; lastKnownFileType = sourcecode.c.h; path = FMDatabasePool.h; sourceTree = "<group>"; };
		6E577ECD2AA8D2DB0033BA06 /* FMResultSet.m */ = {isa = PBXFileReference; fileEncoding = 4; lastKnownFileType = sourcecode.c.objc; path = FMResultSet.m; sourceTree = "<group>"; };
		6E577ECE2AA8D2DB0033BA06 /* FMDatabasePool.m */ = {isa = PBXFileReference; fileEncoding = 4; lastKnownFileType = sourcecode.c.objc; path = FMDatabasePool.m; sourceTree = "<group>"; };
		6E577ECF2AA8D2DB0033BA06 /* FMDatabaseQueue.m */ = {isa = PBXFileReference; fileEncoding = 4; lastKnownFileType = sourcecode.c.objc; path = FMDatabaseQueue.m; sourceTree = "<group>"; };
		6E577ED02AA8D2DB0033BA06 /* FMDB.h */ = {isa = PBXFileReference; fileEncoding = 4; lastKnownFileType = sourcecode.c.h; path = FMDB.h; sourceTree = "<group>"; };
		6E577ED12AA8D2DB0033BA06 /* FMDatabase.m */ = {isa = PBXFileReference; fileEncoding = 4; lastKnownFileType = sourcecode.c.objc; path = FMDatabase.m; sourceTree = "<group>"; };
		6E577ED22AA8D2DB0033BA06 /* FMDatabase.h */ = {isa = PBXFileReference; fileEncoding = 4; lastKnownFileType = sourcecode.c.h; path = FMDatabase.h; sourceTree = "<group>"; };
		6E577ED32AA8D2DC0033BA06 /* FMDatabaseQueue.h */ = {isa = PBXFileReference; fileEncoding = 4; lastKnownFileType = sourcecode.c.h; path = FMDatabaseQueue.h; sourceTree = "<group>"; };
		6E577ED42AA8D2DC0033BA06 /* FMDatabaseAdditions.h */ = {isa = PBXFileReference; fileEncoding = 4; lastKnownFileType = sourcecode.c.h; path = FMDatabaseAdditions.h; sourceTree = "<group>"; };
		6E577ED52AA8D2DC0033BA06 /* FMResultSet.h */ = {isa = PBXFileReference; fileEncoding = 4; lastKnownFileType = sourcecode.c.h; path = FMResultSet.h; sourceTree = "<group>"; };
		6E577ED62AA8D2DC0033BA06 /* FMDatabaseAdditions.m */ = {isa = PBXFileReference; fileEncoding = 4; lastKnownFileType = sourcecode.c.objc; path = FMDatabaseAdditions.m; sourceTree = "<group>"; };
		6E577EDD2AA8D6120033BA06 /* homepageTableViewCell.swift */ = {isa = PBXFileReference; lastKnownFileType = sourcecode.swift; path = homepageTableViewCell.swift; sourceTree = "<group>"; };
		6E6942C42AADF517006035A2 /* wallet.sqlite */ = {isa = PBXFileReference; lastKnownFileType = file; path = wallet.sqlite; sourceTree = "<group>"; };
		6EA7C8722AA8D14600C2E729 /* homepageProtocols.swift */ = {isa = PBXFileReference; lastKnownFileType = sourcecode.swift; path = homepageProtocols.swift; sourceTree = "<group>"; };
		6ED674A82AB71C67002E3969 /* Webservice.swift */ = {isa = PBXFileReference; lastKnownFileType = sourcecode.swift; path = Webservice.swift; sourceTree = "<group>"; };
		6ED674B22AB71DCA002E3969 /* exchangeRateViewController.swift */ = {isa = PBXFileReference; lastKnownFileType = sourcecode.swift; path = exchangeRateViewController.swift; sourceTree = "<group>"; };
		6ED674B42AB71DEF002E3969 /* exchangeRateTableViewCell.swift */ = {isa = PBXFileReference; lastKnownFileType = sourcecode.swift; path = exchangeRateTableViewCell.swift; sourceTree = "<group>"; };
		6ED674B62AB732F9002E3969 /* exchangeRateProtocols.swift */ = {isa = PBXFileReference; lastKnownFileType = sourcecode.swift; path = exchangeRateProtocols.swift; sourceTree = "<group>"; };
		6ED674B82AB73301002E3969 /* exchangeRateRouter.swift */ = {isa = PBXFileReference; lastKnownFileType = sourcecode.swift; path = exchangeRateRouter.swift; sourceTree = "<group>"; };
		6ED674BA2AB7330A002E3969 /* exchangeRateInteractor.swift */ = {isa = PBXFileReference; lastKnownFileType = sourcecode.swift; path = exchangeRateInteractor.swift; sourceTree = "<group>"; };
		6ED674BC2AB73313002E3969 /* exchangeRatePresenter.swift */ = {isa = PBXFileReference; lastKnownFileType = sourcecode.swift; path = exchangeRatePresenter.swift; sourceTree = "<group>"; };
		6EE72A412AAA42EB002D2337 /* detailTableViewCell.swift */ = {isa = PBXFileReference; lastKnownFileType = sourcecode.swift; path = detailTableViewCell.swift; sourceTree = "<group>"; };
/* End PBXFileReference section */

/* Begin PBXFrameworksBuildPhase section */
		6E4131862AA8CF95002E4343 /* Frameworks */ = {
			isa = PBXFrameworksBuildPhase;
			buildActionMask = 2147483647;
			files = (
			);
			runOnlyForDeploymentPostprocessing = 0;
		};
/* End PBXFrameworksBuildPhase section */

/* Begin PBXGroup section */
		6E1DC1722AB9195B006C92D9 /* Font */ = {
			isa = PBXGroup;
			children = (
				6E1DC1732AB9196D006C92D9 /* UnicaOne-Regular.ttf */,
			);
			path = Font;
			sourceTree = "<group>";
		};
		6E4131802AA8CF95002E4343 = {
			isa = PBXGroup;
			children = (
				6E41318B2AA8CF95002E4343 /* moneyOrganizer */,
				6E41318A2AA8CF95002E4343 /* Products */,
			);
			sourceTree = "<group>";
		};
		6E41318A2AA8CF95002E4343 /* Products */ = {
			isa = PBXGroup;
			children = (
				6E4131892AA8CF95002E4343 /* moneyOrganizer.app */,
			);
			name = Products;
			sourceTree = "<group>";
		};
		6E41318B2AA8CF95002E4343 /* moneyOrganizer */ = {
			isa = PBXGroup;
			children = (
				6E6942C42AADF517006035A2 /* wallet.sqlite */,
				6E41318C2AA8CF95002E4343 /* AppDelegate.swift */,
				6E41318E2AA8CF95002E4343 /* SceneDelegate.swift */,
				6ED674A72AB71C3C002E3969 /* Service */,
				6EA7C86C2AA8D0AF00C2E729 /* homepage-module */,
				6E561C622AA9C806003719F9 /* detail-module */,
				6ED674AB2AB71D3D002E3969 /* exchangeRate-module */,
				6E577EC82AA8D24D0033BA06 /* Entity */,
				6E1DC1722AB9195B006C92D9 /* Font */,
				6E4131922AA8CF95002E4343 /* Main.storyboard */,
				6E4131952AA8CF96002E4343 /* Assets.xcassets */,
				6E4131972AA8CF96002E4343 /* LaunchScreen.storyboard */,
				6E41319A2AA8CF96002E4343 /* Info.plist */,
				6E577ED22AA8D2DB0033BA06 /* FMDatabase.h */,
				6E577ED12AA8D2DB0033BA06 /* FMDatabase.m */,
				6E577ED42AA8D2DC0033BA06 /* FMDatabaseAdditions.h */,
				6E577ED62AA8D2DC0033BA06 /* FMDatabaseAdditions.m */,
				6E577ECC2AA8D2DB0033BA06 /* FMDatabasePool.h */,
				6E577ECE2AA8D2DB0033BA06 /* FMDatabasePool.m */,
				6E577ED32AA8D2DC0033BA06 /* FMDatabaseQueue.h */,
				6E577ECF2AA8D2DB0033BA06 /* FMDatabaseQueue.m */,
				6E577ED02AA8D2DB0033BA06 /* FMDB.h */,
				6E577ED52AA8D2DC0033BA06 /* FMResultSet.h */,
				6E577ECD2AA8D2DB0033BA06 /* FMResultSet.m */,
				6E577ECB2AA8D2DB0033BA06 /* moneyOrganizer-Bridging-Header.h */,
			);
			path = moneyOrganizer;
			sourceTree = "<group>";
		};
		6E561C622AA9C806003719F9 /* detail-module */ = {
			isa = PBXGroup;
			children = (
				6EE72A402AAA42D7002D2337 /* tableViewCell */,
				6E561C672AA9C837003719F9 /* protocols */,
				6E561C662AA9C831003719F9 /* router */,
				6E561C652AA9C82A003719F9 /* interactor */,
				6E561C642AA9C823003719F9 /* presenter */,
				6E561C632AA9C816003719F9 /* view */,
			);
			path = "detail-module";
			sourceTree = "<group>";
		};
		6E561C632AA9C816003719F9 /* view */ = {
			isa = PBXGroup;
			children = (
				6E561C702AA9C88B003719F9 /* detailViewController.swift */,
			);
			path = view;
			sourceTree = "<group>";
		};
		6E561C642AA9C823003719F9 /* presenter */ = {
			isa = PBXGroup;
			children = (
				6E561C6E2AA9C87C003719F9 /* detailPresenter.swift */,
			);
			path = presenter;
			sourceTree = "<group>";
		};
		6E561C652AA9C82A003719F9 /* interactor */ = {
			isa = PBXGroup;
			children = (
				6E561C6C2AA9C873003719F9 /* detailInteractor.swift */,
			);
			path = interactor;
			sourceTree = "<group>";
		};
		6E561C662AA9C831003719F9 /* router */ = {
			isa = PBXGroup;
			children = (
				6E561C6A2AA9C865003719F9 /* detailRouter.swift */,
			);
			path = router;
			sourceTree = "<group>";
		};
		6E561C672AA9C837003719F9 /* protocols */ = {
			isa = PBXGroup;
			children = (
				6E561C682AA9C854003719F9 /* detailProtocols.swift */,
			);
			path = protocols;
			sourceTree = "<group>";
		};
		6E577EC82AA8D24D0033BA06 /* Entity */ = {
			isa = PBXGroup;
			children = (
				6E577EC92AA8D2560033BA06 /* Entity.swift */,
			);
			path = Entity;
			sourceTree = "<group>";
		};
		6E577EDC2AA8D5F90033BA06 /* tableViewCell */ = {
			isa = PBXGroup;
			children = (
				6E577EDD2AA8D6120033BA06 /* homepageTableViewCell.swift */,
			);
			path = tableViewCell;
			sourceTree = "<group>";
		};
		6EA7C86C2AA8D0AF00C2E729 /* homepage-module */ = {
			isa = PBXGroup;
			children = (
				6E577EDC2AA8D5F90033BA06 /* tableViewCell */,
				6EA7C8712AA8D10C00C2E729 /* protocols */,
				6EA7C8702AA8D0D800C2E729 /* router */,
				6EA7C86F2AA8D0CE00C2E729 /* interactor */,
				6EA7C86E2AA8D0C100C2E729 /* presenter */,
				6EA7C86D2AA8D0BA00C2E729 /* view */,
			);
			path = "homepage-module";
			sourceTree = "<group>";
		};
		6EA7C86D2AA8D0BA00C2E729 /* view */ = {
			isa = PBXGroup;
			children = (
				6E4131902AA8CF95002E4343 /* homepageViewController.swift */,
			);
			path = view;
			sourceTree = "<group>";
		};
		6EA7C86E2AA8D0C100C2E729 /* presenter */ = {
			isa = PBXGroup;
			children = (
				6E577EC62AA8D2120033BA06 /* homepagePresenter.swift */,
			);
			path = presenter;
			sourceTree = "<group>";
		};
		6EA7C86F2AA8D0CE00C2E729 /* interactor */ = {
			isa = PBXGroup;
			children = (
				6E577EC42AA8D1F10033BA06 /* homepageInteractor.swift */,
			);
			path = interactor;
			sourceTree = "<group>";
		};
		6EA7C8702AA8D0D800C2E729 /* router */ = {
			isa = PBXGroup;
			children = (
				6E577EC22AA8D1AE0033BA06 /* homepageRouter.swift */,
			);
			path = router;
			sourceTree = "<group>";
		};
		6EA7C8712AA8D10C00C2E729 /* protocols */ = {
			isa = PBXGroup;
			children = (
				6EA7C8722AA8D14600C2E729 /* homepageProtocols.swift */,
			);
			path = protocols;
			sourceTree = "<group>";
		};
		6ED674A72AB71C3C002E3969 /* Service */ = {
			isa = PBXGroup;
			children = (
				6ED674A82AB71C67002E3969 /* Webservice.swift */,
			);
			path = Service;
			sourceTree = "<group>";
		};
		6ED674AB2AB71D3D002E3969 /* exchangeRate-module */ = {
			isa = PBXGroup;
			children = (
				6ED674AC2AB71D60002E3969 /* tableViewCell */,
				6ED674B12AB71D8E002E3969 /* protocols */,
				6ED674B02AB71D87002E3969 /* router */,
				6ED674AF2AB71D7D002E3969 /* interactor */,
				6ED674AE2AB71D77002E3969 /* presenter */,
				6ED674AD2AB71D70002E3969 /* view */,
			);
			path = "exchangeRate-module";
			sourceTree = "<group>";
		};
		6ED674AC2AB71D60002E3969 /* tableViewCell */ = {
			isa = PBXGroup;
			children = (
				6ED674B42AB71DEF002E3969 /* exchangeRateTableViewCell.swift */,
			);
			path = tableViewCell;
			sourceTree = "<group>";
		};
		6ED674AD2AB71D70002E3969 /* view */ = {
			isa = PBXGroup;
			children = (
				6ED674B22AB71DCA002E3969 /* exchangeRateViewController.swift */,
			);
			path = view;
			sourceTree = "<group>";
		};
		6ED674AE2AB71D77002E3969 /* presenter */ = {
			isa = PBXGroup;
			children = (
				6ED674BC2AB73313002E3969 /* exchangeRatePresenter.swift */,
			);
			path = presenter;
			sourceTree = "<group>";
		};
		6ED674AF2AB71D7D002E3969 /* interactor */ = {
			isa = PBXGroup;
			children = (
				6ED674BA2AB7330A002E3969 /* exchangeRateInteractor.swift */,
			);
			path = interactor;
			sourceTree = "<group>";
		};
		6ED674B02AB71D87002E3969 /* router */ = {
			isa = PBXGroup;
			children = (
				6ED674B82AB73301002E3969 /* exchangeRateRouter.swift */,
			);
			path = router;
			sourceTree = "<group>";
		};
		6ED674B12AB71D8E002E3969 /* protocols */ = {
			isa = PBXGroup;
			children = (
				6ED674B62AB732F9002E3969 /* exchangeRateProtocols.swift */,
			);
			path = protocols;
			sourceTree = "<group>";
		};
		6EE72A402AAA42D7002D2337 /* tableViewCell */ = {
			isa = PBXGroup;
			children = (
				6EE72A412AAA42EB002D2337 /* detailTableViewCell.swift */,
			);
			path = tableViewCell;
			sourceTree = "<group>";
		};
/* End PBXGroup section */

/* Begin PBXNativeTarget section */
		6E4131882AA8CF95002E4343 /* moneyOrganizer */ = {
			isa = PBXNativeTarget;
			buildConfigurationList = 6E41319D2AA8CF96002E4343 /* Build configuration list for PBXNativeTarget "moneyOrganizer" */;
			buildPhases = (
				6E4131852AA8CF95002E4343 /* Sources */,
				6E4131862AA8CF95002E4343 /* Frameworks */,
				6E4131872AA8CF95002E4343 /* Resources */,
			);
			buildRules = (
			);
			dependencies = (
			);
			name = moneyOrganizer;
			productName = moneyOrganizer;
			productReference = 6E4131892AA8CF95002E4343 /* moneyOrganizer.app */;
			productType = "com.apple.product-type.application";
		};
/* End PBXNativeTarget section */

/* Begin PBXProject section */
		6E4131812AA8CF95002E4343 /* Project object */ = {
			isa = PBXProject;
			attributes = {
				BuildIndependentTargetsInParallel = 1;
				LastSwiftUpdateCheck = 1430;
				LastUpgradeCheck = 1430;
				TargetAttributes = {
					6E4131882AA8CF95002E4343 = {
						CreatedOnToolsVersion = 14.3.1;
						LastSwiftMigration = 1430;
					};
				};
			};
			buildConfigurationList = 6E4131842AA8CF95002E4343 /* Build configuration list for PBXProject "moneyOrganizer" */;
			compatibilityVersion = "Xcode 14.0";
			developmentRegion = en;
			hasScannedForEncodings = 0;
			knownRegions = (
				en,
				Base,
			);
			mainGroup = 6E4131802AA8CF95002E4343;
			productRefGroup = 6E41318A2AA8CF95002E4343 /* Products */;
			projectDirPath = "";
			projectRoot = "";
			targets = (
				6E4131882AA8CF95002E4343 /* moneyOrganizer */,
			);
		};
/* End PBXProject section */

/* Begin PBXResourcesBuildPhase section */
		6E4131872AA8CF95002E4343 /* Resources */ = {
			isa = PBXResourcesBuildPhase;
			buildActionMask = 2147483647;
			files = (
				6E1DC1742AB9196D006C92D9 /* UnicaOne-Regular.ttf in Resources */,
				6E4131992AA8CF96002E4343 /* LaunchScreen.storyboard in Resources */,
				6E4131962AA8CF96002E4343 /* Assets.xcassets in Resources */,
				6E6942C52AADF517006035A2 /* wallet.sqlite in Resources */,
				6E4131942AA8CF95002E4343 /* Main.storyboard in Resources */,
			);
			runOnlyForDeploymentPostprocessing = 0;
		};
/* End PBXResourcesBuildPhase section */

/* Begin PBXSourcesBuildPhase section */
		6E4131852AA8CF95002E4343 /* Sources */ = {
			isa = PBXSourcesBuildPhase;
			buildActionMask = 2147483647;
			files = (
				6E4131912AA8CF95002E4343 /* homepageViewController.swift in Sources */,
				6E561C712AA9C88B003719F9 /* detailViewController.swift in Sources */,
				6E561C6B2AA9C865003719F9 /* detailRouter.swift in Sources */,
				6E561C692AA9C854003719F9 /* detailProtocols.swift in Sources */,
				6EA7C8732AA8D14600C2E729 /* homepageProtocols.swift in Sources */,
				6E41318D2AA8CF95002E4343 /* AppDelegate.swift in Sources */,
				6E577EDA2AA8D2DC0033BA06 /* FMDatabase.m in Sources */,
				6E41318F2AA8CF95002E4343 /* SceneDelegate.swift in Sources */,
				6ED674A92AB71C67002E3969 /* Webservice.swift in Sources */,
				6E577EDE2AA8D6120033BA06 /* homepageTableViewCell.swift in Sources */,
				6E561C6D2AA9C873003719F9 /* detailInteractor.swift in Sources */,
				6E577ECA2AA8D2560033BA06 /* Entity.swift in Sources */,
				6ED674B32AB71DCA002E3969 /* exchangeRateViewController.swift in Sources */,
				6E577EC52AA8D1F10033BA06 /* homepageInteractor.swift in Sources */,
				6ED674B52AB71DEF002E3969 /* exchangeRateTableViewCell.swift in Sources */,
				6E561C6F2AA9C87C003719F9 /* detailPresenter.swift in Sources */,
				6E577ED72AA8D2DC0033BA06 /* FMResultSet.m in Sources */,
				6EE72A422AAA42EB002D2337 /* detailTableViewCell.swift in Sources */,
				6ED674BD2AB73313002E3969 /* exchangeRatePresenter.swift in Sources */,
				6ED674B72AB732F9002E3969 /* exchangeRateProtocols.swift in Sources */,
				6ED674B92AB73301002E3969 /* exchangeRateRouter.swift in Sources */,
				6E577EDB2AA8D2DC0033BA06 /* FMDatabaseAdditions.m in Sources */,
				6E577ED82AA8D2DC0033BA06 /* FMDatabasePool.m in Sources */,
				6E577ED92AA8D2DC0033BA06 /* FMDatabaseQueue.m in Sources */,
				6E577EC32AA8D1AE0033BA06 /* homepageRouter.swift in Sources */,
				6E577EC72AA8D2120033BA06 /* homepagePresenter.swift in Sources */,
				6ED674BB2AB7330A002E3969 /* exchangeRateInteractor.swift in Sources */,
			);
			runOnlyForDeploymentPostprocessing = 0;
		};
/* End PBXSourcesBuildPhase section */

/* Begin PBXVariantGroup section */
		6E4131922AA8CF95002E4343 /* Main.storyboard */ = {
			isa = PBXVariantGroup;
			children = (
				6E4131932AA8CF95002E4343 /* Base */,
			);
			name = Main.storyboard;
			sourceTree = "<group>";
		};
		6E4131972AA8CF96002E4343 /* LaunchScreen.storyboard */ = {
			isa = PBXVariantGroup;
			children = (
				6E4131982AA8CF96002E4343 /* Base */,
			);
			name = LaunchScreen.storyboard;
			sourceTree = "<group>";
		};
/* End PBXVariantGroup section */

/* Begin XCBuildConfiguration section */
		6E41319B2AA8CF96002E4343 /* Debug */ = {
			isa = XCBuildConfiguration;
			buildSettings = {
				ALWAYS_SEARCH_USER_PATHS = NO;
				CLANG_ANALYZER_NONNULL = YES;
				CLANG_ANALYZER_NUMBER_OBJECT_CONVERSION = YES_AGGRESSIVE;
				CLANG_CXX_LANGUAGE_STANDARD = "gnu++20";
				CLANG_ENABLE_MODULES = YES;
				CLANG_ENABLE_OBJC_ARC = YES;
				CLANG_ENABLE_OBJC_WEAK = YES;
				CLANG_WARN_BLOCK_CAPTURE_AUTORELEASING = YES;
				CLANG_WARN_BOOL_CONVERSION = YES;
				CLANG_WARN_COMMA = YES;
				CLANG_WARN_CONSTANT_CONVERSION = YES;
				CLANG_WARN_DEPRECATED_OBJC_IMPLEMENTATIONS = YES;
				CLANG_WARN_DIRECT_OBJC_ISA_USAGE = YES_ERROR;
				CLANG_WARN_DOCUMENTATION_COMMENTS = YES;
				CLANG_WARN_EMPTY_BODY = YES;
				CLANG_WARN_ENUM_CONVERSION = YES;
				CLANG_WARN_INFINITE_RECURSION = YES;
				CLANG_WARN_INT_CONVERSION = YES;
				CLANG_WARN_NON_LITERAL_NULL_CONVERSION = YES;
				CLANG_WARN_OBJC_IMPLICIT_RETAIN_SELF = YES;
				CLANG_WARN_OBJC_LITERAL_CONVERSION = YES;
				CLANG_WARN_OBJC_ROOT_CLASS = YES_ERROR;
				CLANG_WARN_QUOTED_INCLUDE_IN_FRAMEWORK_HEADER = YES;
				CLANG_WARN_RANGE_LOOP_ANALYSIS = YES;
				CLANG_WARN_STRICT_PROTOTYPES = YES;
				CLANG_WARN_SUSPICIOUS_MOVE = YES;
				CLANG_WARN_UNGUARDED_AVAILABILITY = YES_AGGRESSIVE;
				CLANG_WARN_UNREACHABLE_CODE = YES;
				CLANG_WARN__DUPLICATE_METHOD_MATCH = YES;
				COPY_PHASE_STRIP = NO;
				DEBUG_INFORMATION_FORMAT = dwarf;
				ENABLE_STRICT_OBJC_MSGSEND = YES;
				ENABLE_TESTABILITY = YES;
				GCC_C_LANGUAGE_STANDARD = gnu11;
				GCC_DYNAMIC_NO_PIC = NO;
				GCC_NO_COMMON_BLOCKS = YES;
				GCC_OPTIMIZATION_LEVEL = 0;
				GCC_PREPROCESSOR_DEFINITIONS = (
					"DEBUG=1",
					"$(inherited)",
				);
				GCC_WARN_64_TO_32_BIT_CONVERSION = YES;
				GCC_WARN_ABOUT_RETURN_TYPE = YES_ERROR;
				GCC_WARN_UNDECLARED_SELECTOR = YES;
				GCC_WARN_UNINITIALIZED_AUTOS = YES_AGGRESSIVE;
				GCC_WARN_UNUSED_FUNCTION = YES;
				GCC_WARN_UNUSED_VARIABLE = YES;
				IPHONEOS_DEPLOYMENT_TARGET = 16.4;
				MTL_ENABLE_DEBUG_INFO = INCLUDE_SOURCE;
				MTL_FAST_MATH = YES;
				ONLY_ACTIVE_ARCH = YES;
				SDKROOT = iphoneos;
				SWIFT_ACTIVE_COMPILATION_CONDITIONS = DEBUG;
				SWIFT_OPTIMIZATION_LEVEL = "-Onone";
			};
			name = Debug;
		};
		6E41319C2AA8CF96002E4343 /* Release */ = {
			isa = XCBuildConfiguration;
			buildSettings = {
				ALWAYS_SEARCH_USER_PATHS = NO;
				CLANG_ANALYZER_NONNULL = YES;
				CLANG_ANALYZER_NUMBER_OBJECT_CONVERSION = YES_AGGRESSIVE;
				CLANG_CXX_LANGUAGE_STANDARD = "gnu++20";
				CLANG_ENABLE_MODULES = YES;
				CLANG_ENABLE_OBJC_ARC = YES;
				CLANG_ENABLE_OBJC_WEAK = YES;
				CLANG_WARN_BLOCK_CAPTURE_AUTORELEASING = YES;
				CLANG_WARN_BOOL_CONVERSION = YES;
				CLANG_WARN_COMMA = YES;
				CLANG_WARN_CONSTANT_CONVERSION = YES;
				CLANG_WARN_DEPRECATED_OBJC_IMPLEMENTATIONS = YES;
				CLANG_WARN_DIRECT_OBJC_ISA_USAGE = YES_ERROR;
				CLANG_WARN_DOCUMENTATION_COMMENTS = YES;
				CLANG_WARN_EMPTY_BODY = YES;
				CLANG_WARN_ENUM_CONVERSION = YES;
				CLANG_WARN_INFINITE_RECURSION = YES;
				CLANG_WARN_INT_CONVERSION = YES;
				CLANG_WARN_NON_LITERAL_NULL_CONVERSION = YES;
				CLANG_WARN_OBJC_IMPLICIT_RETAIN_SELF = YES;
				CLANG_WARN_OBJC_LITERAL_CONVERSION = YES;
				CLANG_WARN_OBJC_ROOT_CLASS = YES_ERROR;
				CLANG_WARN_QUOTED_INCLUDE_IN_FRAMEWORK_HEADER = YES;
				CLANG_WARN_RANGE_LOOP_ANALYSIS = YES;
				CLANG_WARN_STRICT_PROTOTYPES = YES;
				CLANG_WARN_SUSPICIOUS_MOVE = YES;
				CLANG_WARN_UNGUARDED_AVAILABILITY = YES_AGGRESSIVE;
				CLANG_WARN_UNREACHABLE_CODE = YES;
				CLANG_WARN__DUPLICATE_METHOD_MATCH = YES;
				COPY_PHASE_STRIP = NO;
				DEBUG_INFORMATION_FORMAT = "dwarf-with-dsym";
				ENABLE_NS_ASSERTIONS = NO;
				ENABLE_STRICT_OBJC_MSGSEND = YES;
				GCC_C_LANGUAGE_STANDARD = gnu11;
				GCC_NO_COMMON_BLOCKS = YES;
				GCC_WARN_64_TO_32_BIT_CONVERSION = YES;
				GCC_WARN_ABOUT_RETURN_TYPE = YES_ERROR;
				GCC_WARN_UNDECLARED_SELECTOR = YES;
				GCC_WARN_UNINITIALIZED_AUTOS = YES_AGGRESSIVE;
				GCC_WARN_UNUSED_FUNCTION = YES;
				GCC_WARN_UNUSED_VARIABLE = YES;
				IPHONEOS_DEPLOYMENT_TARGET = 16.4;
				MTL_ENABLE_DEBUG_INFO = NO;
				MTL_FAST_MATH = YES;
				SDKROOT = iphoneos;
				SWIFT_COMPILATION_MODE = wholemodule;
				SWIFT_OPTIMIZATION_LEVEL = "-O";
				VALIDATE_PRODUCT = YES;
			};
			name = Release;
		};
		6E41319E2AA8CF96002E4343 /* Debug */ = {
			isa = XCBuildConfiguration;
			buildSettings = {
				ASSETCATALOG_COMPILER_APPICON_NAME = AppIcon;
				ASSETCATALOG_COMPILER_GLOBAL_ACCENT_COLOR_NAME = AccentColor;
				CLANG_ENABLE_MODULES = YES;
				CODE_SIGN_STYLE = Automatic;
				CURRENT_PROJECT_VERSION = 1;
				DEVELOPMENT_TEAM = MC4355596S;
				GENERATE_INFOPLIST_FILE = YES;
				INFOPLIST_FILE = moneyOrganizer/Info.plist;
				INFOPLIST_KEY_UIApplicationSupportsIndirectInputEvents = YES;
				INFOPLIST_KEY_UILaunchStoryboardName = LaunchScreen;
				INFOPLIST_KEY_UIMainStoryboardFile = Main;
				INFOPLIST_KEY_UISupportedInterfaceOrientations = UIInterfaceOrientationPortrait;
				INFOPLIST_KEY_UISupportedInterfaceOrientations_iPad = "UIInterfaceOrientationLandscapeLeft UIInterfaceOrientationLandscapeRight UIInterfaceOrientationPortrait UIInterfaceOrientationPortraitUpsideDown";
				IPHONEOS_DEPLOYMENT_TARGET = 16.0;
				LD_RUNPATH_SEARCH_PATHS = (
					"$(inherited)",
					"@executable_path/Frameworks",
				);
				MARKETING_VERSION = 1.0;
				PRODUCT_BUNDLE_IDENTIFIER = com.saitkaraca.moneyOrganizer;
				PRODUCT_NAME = "$(TARGET_NAME)";
				SWIFT_EMIT_LOC_STRINGS = YES;
				SWIFT_OBJC_BRIDGING_HEADER = "moneyOrganizer/moneyOrganizer-Bridging-Header.h";
				SWIFT_OPTIMIZATION_LEVEL = "-Onone";
				SWIFT_VERSION = 5.0;
				TARGETED_DEVICE_FAMILY = 1;
			};
			name = Debug;
		};
		6E41319F2AA8CF96002E4343 /* Release */ = {
			isa = XCBuildConfiguration;
			buildSettings = {
				ASSETCATALOG_COMPILER_APPICON_NAME = AppIcon;
				ASSETCATALOG_COMPILER_GLOBAL_ACCENT_COLOR_NAME = AccentColor;
				CLANG_ENABLE_MODULES = YES;
				CODE_SIGN_STYLE = Automatic;
				CURRENT_PROJECT_VERSION = 1;
				DEVELOPMENT_TEAM = MC4355596S;
				GENERATE_INFOPLIST_FILE = YES;
				INFOPLIST_FILE = moneyOrganizer/Info.plist;
				INFOPLIST_KEY_UIApplicationSupportsIndirectInputEvents = YES;
				INFOPLIST_KEY_UILaunchStoryboardName = LaunchScreen;
				INFOPLIST_KEY_UIMainStoryboardFile = Main;
				INFOPLIST_KEY_UISupportedInterfaceOrientations = UIInterfaceOrientationPortrait;
				INFOPLIST_KEY_UISupportedInterfaceOrientations_iPad = "UIInterfaceOrientationLandscapeLeft UIInterfaceOrientationLandscapeRight UIInterfaceOrientationPortrait UIInterfaceOrientationPortraitUpsideDown";
				IPHONEOS_DEPLOYMENT_TARGET = 16.0;
				LD_RUNPATH_SEARCH_PATHS = (
					"$(inherited)",
					"@executable_path/Frameworks",
				);
				MARKETING_VERSION = 1.0;
				PRODUCT_BUNDLE_IDENTIFIER = com.saitkaraca.moneyOrganizer;
				PRODUCT_NAME = "$(TARGET_NAME)";
				SWIFT_EMIT_LOC_STRINGS = YES;
				SWIFT_OBJC_BRIDGING_HEADER = "moneyOrganizer/moneyOrganizer-Bridging-Header.h";
				SWIFT_VERSION = 5.0;
				TARGETED_DEVICE_FAMILY = 1;
			};
			name = Release;
		};
/* End XCBuildConfiguration section */

/* Begin XCConfigurationList section */
		6E4131842AA8CF95002E4343 /* Build configuration list for PBXProject "moneyOrganizer" */ = {
			isa = XCConfigurationList;
			buildConfigurations = (
				6E41319B2AA8CF96002E4343 /* Debug */,
				6E41319C2AA8CF96002E4343 /* Release */,
			);
			defaultConfigurationIsVisible = 0;
			defaultConfigurationName = Release;
		};
		6E41319D2AA8CF96002E4343 /* Build configuration list for PBXNativeTarget "moneyOrganizer" */ = {
			isa = XCConfigurationList;
			buildConfigurations = (
				6E41319E2AA8CF96002E4343 /* Debug */,
				6E41319F2AA8CF96002E4343 /* Release */,
			);
			defaultConfigurationIsVisible = 0;
			defaultConfigurationName = Release;
		};
/* End XCConfigurationList section */
	};
	rootObject = 6E4131812AA8CF95002E4343 /* Project object */;
}
